
Microsoft Visual Studio Solution File, Format Version 12.00
# Visual Studio Version 16
VisualStudioVersion = 16.0.31321.278
MinimumVisualStudioVersion = 10.0.40219.1
Project("{FAE04EC0-301F-11D3-BF4B-00C04F79EFBC}") = "LearnEnglishDoingNotes.Api", "LearnEnglishDoingNotes.Api\LearnEnglishDoingNotes.Api.csproj", "{A02B94E9-D7FD-45BE-8A27-9507046BDFF8}"
EndProject
Global
	GlobalSection(SolutionConfigurationPlatforms) = preSolution
		Debug|Any CPU = Debug|Any CPU
		Release|Any CPU = Release|Any CPU
	EndGlobalSection
	GlobalSection(ProjectConfigurationPlatforms) = postSolution
		{A02B94E9-D7FD-45BE-8A27-9507046BDFF8}.Debug|Any CPU.ActiveCfg = Debug|Any CPU
		{A02B94E9-D7FD-45BE-8A27-9507046BDFF8}.Debug|Any CPU.Build.0 = Debug|Any CPU
		{A02B94E9-D7FD-45BE-8A27-9507046BDFF8}.Release|Any CPU.ActiveCfg = Release|Any CPU
		{A02B94E9-D7FD-45BE-8A27-9507046BDFF8}.Release|Any CPU.Build.0 = Release|Any CPU
	EndGlobalSection
	GlobalSection(SolutionProperties) = preSolution
		HideSolutionNode = FALSE
	EndGlobalSection
	GlobalSection(ExtensibilityGlobals) = postSolution
		SolutionGuid = {DC276646-7BA4-43AB-A98E-1971C98090B3}
	EndGlobalSection
EndGlobal
